// !$*UTF8*$!
{
	archiveVersion = 1;
	classes = {
	};
	objectVersion = 77;
	objects = {

/* Begin PBXContainerItemProxy section */
		B7EA71372CDD861700443FBA /* PBXContainerItemProxy */ = {
			isa = PBXContainerItemProxy;
			containerPortal = B7EA711E2CDD861600443FBA /* Project object */;
			proxyType = 1;
			remoteGlobalIDString = B7EA71252CDD861600443FBA;
			remoteInfo = ProfileControlledFeature;
		};
		B7EA71412CDD861700443FBA /* PBXContainerItemProxy */ = {
			isa = PBXContainerItemProxy;
			containerPortal = B7EA711E2CDD861600443FBA /* Project object */;
			proxyType = 1;
			remoteGlobalIDString = B7EA71252CDD861600443FBA;
			remoteInfo = ProfileControlledFeature;
		};
/* End PBXContainerItemProxy section */

/* Begin PBXFileReference section */
		B7EA71262CDD861600443FBA /* ProfileControlledFeature.app */ = {isa = PBXFileReference; explicitFileType = wrapper.application; includeInIndex = 0; path = ProfileControlledFeature.app; sourceTree = BUILT_PRODUCTS_DIR; };
		B7EA71362CDD861700443FBA /* ProfileControlledFeatureTests.xctest */ = {isa = PBXFileReference; explicitFileType = wrapper.cfbundle; includeInIndex = 0; path = ProfileControlledFeatureTests.xctest; sourceTree = BUILT_PRODUCTS_DIR; };
		B7EA71402CDD861700443FBA /* ProfileControlledFeatureUITests.xctest */ = {isa = PBXFileReference; explicitFileType = wrapper.cfbundle; includeInIndex = 0; path = ProfileControlledFeatureUITests.xctest; sourceTree = BUILT_PRODUCTS_DIR; };
/* End PBXFileReference section */

/* Begin PBXFileSystemSynchronizedBuildFileExceptionSet section */
		B7A406062CDDD66300F22D36 /* Exceptions for "ProfileControlledFeature" folder in "ProfileControlledFeature" target */ = {
			isa = PBXFileSystemSynchronizedBuildFileExceptionSet;
			membershipExceptions = (
				"Resources/Test Signing CA.cer",
			);
			target = B7EA71252CDD861600443FBA /* ProfileControlledFeature */;
		};
/* End PBXFileSystemSynchronizedBuildFileExceptionSet section */

/* Begin PBXFileSystemSynchronizedRootGroup section */
		B7EA71282CDD861600443FBA /* ProfileControlledFeature */ = {
			isa = PBXFileSystemSynchronizedRootGroup;
			exceptions = (
				B7A406062CDDD66300F22D36 /* Exceptions for "ProfileControlledFeature" folder in "ProfileControlledFeature" target */,
			);
			path = ProfileControlledFeature;
			sourceTree = "<group>";
		};
		B7EA71392CDD861700443FBA /* ProfileControlledFeatureTests */ = {
			isa = PBXFileSystemSynchronizedRootGroup;
			path = ProfileControlledFeatureTests;
			sourceTree = "<group>";
		};
		B7EA71432CDD861700443FBA /* ProfileControlledFeatureUITests */ = {
			isa = PBXFileSystemSynchronizedRootGroup;
			path = ProfileControlledFeatureUITests;
			sourceTree = "<group>";
		};
/* End PBXFileSystemSynchronizedRootGroup section */

/* Begin PBXFrameworksBuildPhase section */
		B7EA71232CDD861600443FBA /* Frameworks */ = {
			isa = PBXFrameworksBuildPhase;
			buildActionMask = 2147483647;
			files = (
			);
			runOnlyForDeploymentPostprocessing = 0;
		};
		B7EA71332CDD861700443FBA /* Frameworks */ = {
			isa = PBXFrameworksBuildPhase;
			buildActionMask = 2147483647;
			files = (
			);
			runOnlyForDeploymentPostprocessing = 0;
		};
		B7EA713D2CDD861700443FBA /* Frameworks */ = {
			isa = PBXFrameworksBuildPhase;
			buildActionMask = 2147483647;
			files = (
			);
			runOnlyForDeploymentPostprocessing = 0;
		};
/* End PBXFrameworksBuildPhase section */

/* Begin PBXGroup section */
		B7EA711D2CDD861600443FBA = {
			isa = PBXGroup;
			children = (
				B7EA71282CDD861600443FBA /* ProfileControlledFeature */,
				B7EA71392CDD861700443FBA /* ProfileControlledFeatureTests */,
				B7EA71432CDD861700443FBA /* ProfileControlledFeatureUITests */,
				B7EA71272CDD861600443FBA /* Products */,
			);
			sourceTree = "<group>";
		};
		B7EA71272CDD861600443FBA /* Products */ = {
			isa = PBXGroup;
			children = (
				B7EA71262CDD861600443FBA /* ProfileControlledFeature.app */,
				B7EA71362CDD861700443FBA /* ProfileControlledFeatureTests.xctest */,
				B7EA71402CDD861700443FBA /* ProfileControlledFeatureUITests.xctest */,
			);
			name = Products;
			sourceTree = "<group>";
		};
/* End PBXGroup section */

/* Begin PBXNativeTarget section */
		B7EA71252CDD861600443FBA /* ProfileControlledFeature */ = {
			isa = PBXNativeTarget;
			buildConfigurationList = B7EA714A2CDD861700443FBA /* Build configuration list for PBXNativeTarget "ProfileControlledFeature" */;
			buildPhases = (
				B7EA71222CDD861600443FBA /* Sources */,
				B7EA71232CDD861600443FBA /* Frameworks */,
				B7EA71242CDD861600443FBA /* Resources */,
			);
			buildRules = (
			);
			dependencies = (
			);
			fileSystemSynchronizedGroups = (
				B7EA71282CDD861600443FBA /* ProfileControlledFeature */,
			);
			name = ProfileControlledFeature;
			packageProductDependencies = (
			);
			productName = ProfileControlledFeature;
			productReference = B7EA71262CDD861600443FBA /* ProfileControlledFeature.app */;
			productType = "com.apple.product-type.application";
		};
		B7EA71352CDD861700443FBA /* ProfileControlledFeatureTests */ = {
			isa = PBXNativeTarget;
			buildConfigurationList = B7EA714D2CDD861800443FBA /* Build configuration list for PBXNativeTarget "ProfileControlledFeatureTests" */;
			buildPhases = (
				B7EA71322CDD861700443FBA /* Sources */,
				B7EA71332CDD861700443FBA /* Frameworks */,
				B7EA71342CDD861700443FBA /* Resources */,
			);
			buildRules = (
			);
			dependencies = (
				B7EA71382CDD861700443FBA /* PBXTargetDependency */,
			);
			fileSystemSynchronizedGroups = (
				B7EA71392CDD861700443FBA /* ProfileControlledFeatureTests */,
			);
			name = ProfileControlledFeatureTests;
			packageProductDependencies = (
			);
			productName = ProfileControlledFeatureTests;
			productReference = B7EA71362CDD861700443FBA /* ProfileControlledFeatureTests.xctest */;
			productType = "com.apple.product-type.bundle.unit-test";
		};
		B7EA713F2CDD861700443FBA /* ProfileControlledFeatureUITests */ = {
			isa = PBXNativeTarget;
			buildConfigurationList = B7EA71502CDD861800443FBA /* Build configuration list for PBXNativeTarget "ProfileControlledFeatureUITests" */;
			buildPhases = (
				B7EA713C2CDD861700443FBA /* Sources */,
				B7EA713D2CDD861700443FBA /* Frameworks */,
				B7EA713E2CDD861700443FBA /* Resources */,
			);
			buildRules = (
			);
			dependencies = (
				B7EA71422CDD861700443FBA /* PBXTargetDependency */,
			);
			fileSystemSynchronizedGroups = (
				B7EA71432CDD861700443FBA /* ProfileControlledFeatureUITests */,
			);
			name = ProfileControlledFeatureUITests;
			packageProductDependencies = (
			);
			productName = ProfileControlledFeatureUITests;
			productReference = B7EA71402CDD861700443FBA /* ProfileControlledFeatureUITests.xctest */;
			productType = "com.apple.product-type.bundle.ui-testing";
		};
/* End PBXNativeTarget section */

/* Begin PBXProject section */
		B7EA711E2CDD861600443FBA /* Project object */ = {
			isa = PBXProject;
			attributes = {
				BuildIndependentTargetsInParallel = 1;
				LastSwiftUpdateCheck = 1600;
				LastUpgradeCheck = 1600;
				TargetAttributes = {
					B7EA71252CDD861600443FBA = {
						CreatedOnToolsVersion = 16.0;
					};
					B7EA71352CDD861700443FBA = {
						CreatedOnToolsVersion = 16.0;
						TestTargetID = B7EA71252CDD861600443FBA;
					};
					B7EA713F2CDD861700443FBA = {
						CreatedOnToolsVersion = 16.0;
						TestTargetID = B7EA71252CDD861600443FBA;
					};
				};
			};
			buildConfigurationList = B7EA71212CDD861600443FBA /* Build configuration list for PBXProject "ProfileControlledFeature" */;
			developmentRegion = en;
			hasScannedForEncodings = 0;
			knownRegions = (
				en,
				Base,
			);
			mainGroup = B7EA711D2CDD861600443FBA;
			minimizedProjectReferenceProxies = 1;
			preferredProjectObjectVersion = 77;
			productRefGroup = B7EA71272CDD861600443FBA /* Products */;
			projectDirPath = "";
			projectRoot = "";
			targets = (
				B7EA71252CDD861600443FBA /* ProfileControlledFeature */,
				B7EA71352CDD861700443FBA /* ProfileControlledFeatureTests */,
				B7EA713F2CDD861700443FBA /* ProfileControlledFeatureUITests */,
			);
		};
/* End PBXProject section */

/* Begin PBXResourcesBuildPhase section */
		B7EA71242CDD861600443FBA /* Resources */ = {
			isa = PBXResourcesBuildPhase;
			buildActionMask = 2147483647;
			files = (
			);
			runOnlyForDeploymentPostprocessing = 0;
		};
		B7EA71342CDD861700443FBA /* Resources */ = {
			isa = PBXResourcesBuildPhase;
			buildActionMask = 2147483647;
			files = (
			);
			runOnlyForDeploymentPostprocessing = 0;
		};
		B7EA713E2CDD861700443FBA /* Resources */ = {
			isa = PBXResourcesBuildPhase;
			buildActionMask = 2147483647;
			files = (
			);
			runOnlyForDeploymentPostprocessing = 0;
		};
/* End PBXResourcesBuildPhase section */

/* Begin PBXSourcesBuildPhase section */
		B7EA71222CDD861600443FBA /* Sources */ = {
			isa = PBXSourcesBuildPhase;
			buildActionMask = 2147483647;
			files = (
			);
			runOnlyForDeploymentPostprocessing = 0;
		};
		B7EA71322CDD861700443FBA /* Sources */ = {
			isa = PBXSourcesBuildPhase;
			buildActionMask = 2147483647;
			files = (
			);
			runOnlyForDeploymentPostprocessing = 0;
		};
		B7EA713C2CDD861700443FBA /* Sources */ = {
			isa = PBXSourcesBuildPhase;
			buildActionMask = 2147483647;
			files = (
			);
			runOnlyForDeploymentPostprocessing = 0;
		};
/* End PBXSourcesBuildPhase section */

/* Begin PBXTargetDependency section */
		B7EA71382CDD861700443FBA /* PBXTargetDependency */ = {
			isa = PBXTargetDependency;
			target = B7EA71252CDD861600443FBA /* ProfileControlledFeature */;
			targetProxy = B7EA71372CDD861700443FBA /* PBXContainerItemProxy */;
		};
		B7EA71422CDD861700443FBA /* PBXTargetDependency */ = {
			isa = PBXTargetDependency;
			target = B7EA71252CDD861600443FBA /* ProfileControlledFeature */;
			targetProxy = B7EA71412CDD861700443FBA /* PBXContainerItemProxy */;
		};
/* End PBXTargetDependency section */

/* Begin XCBuildConfiguration section */
		B7EA71482CDD861700443FBA /* Debug */ = {
			isa = XCBuildConfiguration;
			buildSettings = {
				ALWAYS_SEARCH_USER_PATHS = NO;
				ASSETCATALOG_COMPILER_GENERATE_SWIFT_ASSET_SYMBOL_EXTENSIONS = YES;
				CLANG_ANALYZER_NONNULL = YES;
				CLANG_ANALYZER_NUMBER_OBJECT_CONVERSION = YES_AGGRESSIVE;
				CLANG_CXX_LANGUAGE_STANDARD = "gnu++20";
				CLANG_ENABLE_MODULES = YES;
				CLANG_ENABLE_OBJC_ARC = YES;
				CLANG_ENABLE_OBJC_WEAK = YES;
				CLANG_WARN_BLOCK_CAPTURE_AUTORELEASING = YES;
				CLANG_WARN_BOOL_CONVERSION = YES;
				CLANG_WARN_COMMA = YES;
				CLANG_WARN_CONSTANT_CONVERSION = YES;
				CLANG_WARN_DEPRECATED_OBJC_IMPLEMENTATIONS = YES;
				CLANG_WARN_DIRECT_OBJC_ISA_USAGE = YES_ERROR;
				CLANG_WARN_DOCUMENTATION_COMMENTS = YES;
				CLANG_WARN_EMPTY_BODY = YES;
				CLANG_WARN_ENUM_CONVERSION = YES;
				CLANG_WARN_INFINITE_RECURSION = YES;
				CLANG_WARN_INT_CONVERSION = YES;
				CLANG_WARN_NON_LITERAL_NULL_CONVERSION = YES;
				CLANG_WARN_OBJC_IMPLICIT_RETAIN_SELF = YES;
				CLANG_WARN_OBJC_LITERAL_CONVERSION = YES;
				CLANG_WARN_OBJC_ROOT_CLASS = YES_ERROR;
				CLANG_WARN_QUOTED_INCLUDE_IN_FRAMEWORK_HEADER = YES;
				CLANG_WARN_RANGE_LOOP_ANALYSIS = YES;
				CLANG_WARN_STRICT_PROTOTYPES = YES;
				CLANG_WARN_SUSPICIOUS_MOVE = YES;
				CLANG_WARN_UNGUARDED_AVAILABILITY = YES_AGGRESSIVE;
				CLANG_WARN_UNREACHABLE_CODE = YES;
				CLANG_WARN__DUPLICATE_METHOD_MATCH = YES;
				COPY_PHASE_STRIP = NO;
				DEBUG_INFORMATION_FORMAT = dwarf;
				ENABLE_STRICT_OBJC_MSGSEND = YES;
				ENABLE_TESTABILITY = YES;
				ENABLE_USER_SCRIPT_SANDBOXING = YES;
				GCC_C_LANGUAGE_STANDARD = gnu17;
				GCC_DYNAMIC_NO_PIC = NO;
				GCC_NO_COMMON_BLOCKS = YES;
				GCC_OPTIMIZATION_LEVEL = 0;
				GCC_PREPROCESSOR_DEFINITIONS = (
					"DEBUG=1",
					"$(inherited)",
				);
				GCC_WARN_64_TO_32_BIT_CONVERSION = YES;
				GCC_WARN_ABOUT_RETURN_TYPE = YES_ERROR;
				GCC_WARN_UNDECLARED_SELECTOR = YES;
				GCC_WARN_UNINITIALIZED_AUTOS = YES_AGGRESSIVE;
				GCC_WARN_UNUSED_FUNCTION = YES;
				GCC_WARN_UNUSED_VARIABLE = YES;
				IPHONEOS_DEPLOYMENT_TARGET = 18.0;
				LOCALIZATION_PREFERS_STRING_CATALOGS = YES;
				MTL_ENABLE_DEBUG_INFO = INCLUDE_SOURCE;
				MTL_FAST_MATH = YES;
				ONLY_ACTIVE_ARCH = YES;
				SDKROOT = iphoneos;
				SWIFT_ACTIVE_COMPILATION_CONDITIONS = "DEBUG $(inherited)";
				SWIFT_OPTIMIZATION_LEVEL = "-Onone";
			};
			name = Debug;
		};
		B7EA71492CDD861700443FBA /* Release */ = {
			isa = XCBuildConfiguration;
			buildSettings = {
				ALWAYS_SEARCH_USER_PATHS = NO;
				ASSETCATALOG_COMPILER_GENERATE_SWIFT_ASSET_SYMBOL_EXTENSIONS = YES;
				CLANG_ANALYZER_NONNULL = YES;
				CLANG_ANALYZER_NUMBER_OBJECT_CONVERSION = YES_AGGRESSIVE;
				CLANG_CXX_LANGUAGE_STANDARD = "gnu++20";
				CLANG_ENABLE_MODULES = YES;
				CLANG_ENABLE_OBJC_ARC = YES;
				CLANG_ENABLE_OBJC_WEAK = YES;
				CLANG_WARN_BLOCK_CAPTURE_AUTORELEASING = YES;
				CLANG_WARN_BOOL_CONVERSION = YES;
				CLANG_WARN_COMMA = YES;
				CLANG_WARN_CONSTANT_CONVERSION = YES;
				CLANG_WARN_DEPRECATED_OBJC_IMPLEMENTATIONS = YES;
				CLANG_WARN_DIRECT_OBJC_ISA_USAGE = YES_ERROR;
				CLANG_WARN_DOCUMENTATION_COMMENTS = YES;
				CLANG_WARN_EMPTY_BODY = YES;
				CLANG_WARN_ENUM_CONVERSION = YES;
				CLANG_WARN_INFINITE_RECURSION = YES;
				CLANG_WARN_INT_CONVERSION = YES;
				CLANG_WARN_NON_LITERAL_NULL_CONVERSION = YES;
				CLANG_WARN_OBJC_IMPLICIT_RETAIN_SELF = YES;
				CLANG_WARN_OBJC_LITERAL_CONVERSION = YES;
				CLANG_WARN_OBJC_ROOT_CLASS = YES_ERROR;
				CLANG_WARN_QUOTED_INCLUDE_IN_FRAMEWORK_HEADER = YES;
				CLANG_WARN_RANGE_LOOP_ANALYSIS = YES;
				CLANG_WARN_STRICT_PROTOTYPES = YES;
				CLANG_WARN_SUSPICIOUS_MOVE = YES;
				CLANG_WARN_UNGUARDED_AVAILABILITY = YES_AGGRESSIVE;
				CLANG_WARN_UNREACHABLE_CODE = YES;
				CLANG_WARN__DUPLICATE_METHOD_MATCH = YES;
				COPY_PHASE_STRIP = NO;
				DEBUG_INFORMATION_FORMAT = "dwarf-with-dsym";
				ENABLE_NS_ASSERTIONS = NO;
				ENABLE_STRICT_OBJC_MSGSEND = YES;
				ENABLE_USER_SCRIPT_SANDBOXING = YES;
				GCC_C_LANGUAGE_STANDARD = gnu17;
				GCC_NO_COMMON_BLOCKS = YES;
				GCC_WARN_64_TO_32_BIT_CONVERSION = YES;
				GCC_WARN_ABOUT_RETURN_TYPE = YES_ERROR;
				GCC_WARN_UNDECLARED_SELECTOR = YES;
				GCC_WARN_UNINITIALIZED_AUTOS = YES_AGGRESSIVE;
				GCC_WARN_UNUSED_FUNCTION = YES;
				GCC_WARN_UNUSED_VARIABLE = YES;
				IPHONEOS_DEPLOYMENT_TARGET = 18.0;
				LOCALIZATION_PREFERS_STRING_CATALOGS = YES;
				MTL_ENABLE_DEBUG_INFO = NO;
				MTL_FAST_MATH = YES;
				SDKROOT = iphoneos;
				SWIFT_COMPILATION_MODE = wholemodule;
				VALIDATE_PRODUCT = YES;
			};
			name = Release;
		};
		B7EA714B2CDD861700443FBA /* Debug */ = {
			isa = XCBuildConfiguration;
			buildSettings = {
				ASSETCATALOG_COMPILER_APPICON_NAME = AppIcon;
				ASSETCATALOG_COMPILER_GLOBAL_ACCENT_COLOR_NAME = AccentColor;
				CODE_SIGN_STYLE = Automatic;
				CURRENT_PROJECT_VERSION = 1;
				DEVELOPMENT_ASSET_PATHS = "\"ProfileControlledFeature/Preview Content\"";
				DEVELOPMENT_TEAM = UXNBHKLWUM;
				ENABLE_PREVIEWS = YES;
				GENERATE_INFOPLIST_FILE = YES;
				INFOPLIST_KEY_UIApplicationSceneManifest_Generation = YES;
				INFOPLIST_KEY_UIApplicationSupportsIndirectInputEvents = YES;
				INFOPLIST_KEY_UILaunchScreen_Generation = YES;
				INFOPLIST_KEY_UISupportedInterfaceOrientations_iPad = "UIInterfaceOrientationPortrait UIInterfaceOrientationPortraitUpsideDown UIInterfaceOrientationLandscapeLeft UIInterfaceOrientationLandscapeRight";
				INFOPLIST_KEY_UISupportedInterfaceOrientations_iPhone = "UIInterfaceOrientationPortrait UIInterfaceOrientationLandscapeLeft UIInterfaceOrientationLandscapeRight";
				LD_RUNPATH_SEARCH_PATHS = (
					"$(inherited)",
					"@executable_path/Frameworks",
				);
				MARKETING_VERSION = 1.0;
				PRODUCT_BUNDLE_IDENTIFIER = com.stewartthomson..ProfileControlledFeature;
				PRODUCT_NAME = "$(TARGET_NAME)";
				SWIFT_EMIT_LOC_STRINGS = YES;
				SWIFT_VERSION = 5.0;
				TARGETED_DEVICE_FAMILY = "1,2";
			};
			name = Debug;
		};
		B7EA714C2CDD861700443FBA /* Release */ = {
			isa = XCBuildConfiguration;
			buildSettings = {
				ASSETCATALOG_COMPILER_APPICON_NAME = AppIcon;
				ASSETCATALOG_COMPILER_GLOBAL_ACCENT_COLOR_NAME = AccentColor;
				CODE_SIGN_STYLE = Automatic;
				CURRENT_PROJECT_VERSION = 1;
				DEVELOPMENT_ASSET_PATHS = "\"ProfileControlledFeature/Preview Content\"";
				DEVELOPMENT_TEAM = UXNBHKLWUM;
				ENABLE_PREVIEWS = YES;
				GENERATE_INFOPLIST_FILE = YES;
				INFOPLIST_KEY_UIApplicationSceneManifest_Generation = YES;
				INFOPLIST_KEY_UIApplicationSupportsIndirectInputEvents = YES;
				INFOPLIST_KEY_UILaunchScreen_Generation = YES;
				INFOPLIST_KEY_UISupportedInterfaceOrientations_iPad = "UIInterfaceOrientationPortrait UIInterfaceOrientationPortraitUpsideDown UIInterfaceOrientationLandscapeLeft UIInterfaceOrientationLandscapeRight";
				INFOPLIST_KEY_UISupportedInterfaceOrientations_iPhone = "UIInterfaceOrientationPortrait UIInterfaceOrientationLandscapeLeft UIInterfaceOrientationLandscapeRight";
				LD_RUNPATH_SEARCH_PATHS = (
					"$(inherited)",
					"@executable_path/Frameworks",
				);
				MARKETING_VERSION = 1.0;
				PRODUCT_BUNDLE_IDENTIFIER = com.stewartthomson..ProfileControlledFeature;
				PRODUCT_NAME = "$(TARGET_NAME)";
				SWIFT_EMIT_LOC_STRINGS = YES;
				SWIFT_VERSION = 5.0;
				TARGETED_DEVICE_FAMILY = "1,2";
			};
			name = Release;
		};
		B7EA714E2CDD861800443FBA /* Debug */ = {
			isa = XCBuildConfiguration;
			buildSettings = {
				BUNDLE_LOADER = "$(TEST_HOST)";
				CODE_SIGN_STYLE = Automatic;
				CURRENT_PROJECT_VERSION = 1;
				DEVELOPMENT_TEAM = UXNBHKLWUM;
				GENERATE_INFOPLIST_FILE = YES;
				IPHONEOS_DEPLOYMENT_TARGET = 18.0;
				MARKETING_VERSION = 1.0;
				PRODUCT_BUNDLE_IDENTIFIER = com.stewartthomson..ProfileControlledFeatureTests;
				PRODUCT_NAME = "$(TARGET_NAME)";
				SWIFT_EMIT_LOC_STRINGS = NO;
				SWIFT_VERSION = 5.0;
				TARGETED_DEVICE_FAMILY = "1,2";
				TEST_HOST = "$(BUILT_PRODUCTS_DIR)/ProfileControlledFeature.app/$(BUNDLE_EXECUTABLE_FOLDER_PATH)/ProfileControlledFeature";
			};
			name = Debug;
		};
		B7EA714F2CDD861800443FBA /* Release */ = {
			isa = XCBuildConfiguration;
			buildSettings = {
				BUNDLE_LOADER = "$(TEST_HOST)";
				CODE_SIGN_STYLE = Automatic;
				CURRENT_PROJECT_VERSION = 1;
				DEVELOPMENT_TEAM = UXNBHKLWUM;
				GENERATE_INFOPLIST_FILE = YES;
				IPHONEOS_DEPLOYMENT_TARGET = 18.0;
				MARKETING_VERSION = 1.0;
				PRODUCT_BUNDLE_IDENTIFIER = com.stewartthomson..ProfileControlledFeatureTests;
				PRODUCT_NAME = "$(TARGET_NAME)";
				SWIFT_EMIT_LOC_STRINGS = NO;
				SWIFT_VERSION = 5.0;
				TARGETED_DEVICE_FAMILY = "1,2";
				TEST_HOST = "$(BUILT_PRODUCTS_DIR)/ProfileControlledFeature.app/$(BUNDLE_EXECUTABLE_FOLDER_PATH)/ProfileControlledFeature";
			};
			name = Release;
		};
		B7EA71512CDD861800443FBA /* Debug */ = {
			isa = XCBuildConfiguration;
			buildSettings = {
				CODE_SIGN_STYLE = Automatic;
				CURRENT_PROJECT_VERSION = 1;
				DEVELOPMENT_TEAM = UXNBHKLWUM;
				GENERATE_INFOPLIST_FILE = YES;
				MARKETING_VERSION = 1.0;
				PRODUCT_BUNDLE_IDENTIFIER = com.stewartthomson..ProfileControlledFeatureUITests;
				PRODUCT_NAME = "$(TARGET_NAME)";
				SWIFT_EMIT_LOC_STRINGS = NO;
				SWIFT_VERSION = 5.0;
				TARGETED_DEVICE_FAMILY = "1,2";
				TEST_TARGET_NAME = ProfileControlledFeature;
			};
			name = Debug;
		};
		B7EA71522CDD861800443FBA /* Release */ = {
			isa = XCBuildConfiguration;
			buildSettings = {
				CODE_SIGN_STYLE = Automatic;
				CURRENT_PROJECT_VERSION = 1;
				DEVELOPMENT_TEAM = UXNBHKLWUM;
				GENERATE_INFOPLIST_FILE = YES;
				MARKETING_VERSION = 1.0;
				PRODUCT_BUNDLE_IDENTIFIER = com.stewartthomson..ProfileControlledFeatureUITests;
				PRODUCT_NAME = "$(TARGET_NAME)";
				SWIFT_EMIT_LOC_STRINGS = NO;
				SWIFT_VERSION = 5.0;
				TARGETED_DEVICE_FAMILY = "1,2";
				TEST_TARGET_NAME = ProfileControlledFeature;
			};
			name = Release;
		};
/* End XCBuildConfiguration section */

/* Begin XCConfigurationList section */
		B7EA71212CDD861600443FBA /* Build configuration list for PBXProject "ProfileControlledFeature" */ = {
			isa = XCConfigurationList;
			buildConfigurations = (
				B7EA71482CDD861700443FBA /* Debug */,
				B7EA71492CDD861700443FBA /* Release */,
			);
			defaultConfigurationIsVisible = 0;
			defaultConfigurationName = Release;
		};
		B7EA714A2CDD861700443FBA /* Build configuration list for PBXNativeTarget "ProfileControlledFeature" */ = {
			isa = XCConfigurationList;
			buildConfigurations = (
				B7EA714B2CDD861700443FBA /* Debug */,
				B7EA714C2CDD861700443FBA /* Release */,
			);
			defaultConfigurationIsVisible = 0;
			defaultConfigurationName = Release;
		};
		B7EA714D2CDD861800443FBA /* Build configuration list for PBXNativeTarget "ProfileControlledFeatureTests" */ = {
			isa = XCConfigurationList;
			buildConfigurations = (
				B7EA714E2CDD861800443FBA /* Debug */,
				B7EA714F2CDD861800443FBA /* Release */,
			);
			defaultConfigurationIsVisible = 0;
			defaultConfigurationName = Release;
		};
		B7EA71502CDD861800443FBA /* Build configuration list for PBXNativeTarget "ProfileControlledFeatureUITests" */ = {
			isa = XCConfigurationList;
			buildConfigurations = (
				B7EA71512CDD861800443FBA /* Debug */,
				B7EA71522CDD861800443FBA /* Release */,
			);
			defaultConfigurationIsVisible = 0;
			defaultConfigurationName = Release;
		};
/* End XCConfigurationList section */
	};
	rootObject = B7EA711E2CDD861600443FBA /* Project object */;
}
